  "lockfileVersion": 3,
        "core-js": "^3.37.1",
        "vue": "^3.4.38"
        "@vue/cli-plugin-babel": "^5.0.8",
        "@vue/cli-plugin-eslint": "^5.0.8",
        "@vue/cli-service": "^5.0.8",
        "@vue/compiler-sfc": "^3.4.38",
        "eslint": "^8.57.1",
        "eslint-plugin-vue": "^9.27.0"
